// !$*UTF8*$!
{
	archiveVersion = 1;
	classes = {
	};
	objectVersion = 55;
	objects = {

/* Begin PBXBuildFile section */
		5C338A73284E6BF900264C76 /* TibberProjectApp.swift in Sources */ = {isa = PBXBuildFile; fileRef = 5C338A72284E6BF900264C76 /* TibberProjectApp.swift */; };
		5C338A75284E6BF900264C76 /* ContentView.swift in Sources */ = {isa = PBXBuildFile; fileRef = 5C338A74284E6BF900264C76 /* ContentView.swift */; };
		5C338A77284E6BFE00264C76 /* Assets.xcassets in Resources */ = {isa = PBXBuildFile; fileRef = 5C338A76284E6BFE00264C76 /* Assets.xcassets */; };
		5C338A7A284E6BFE00264C76 /* Preview Assets.xcassets in Resources */ = {isa = PBXBuildFile; fileRef = 5C338A79284E6BFE00264C76 /* Preview Assets.xcassets */; };
		5C338A84284E6BFF00264C76 /* TibberProjectTests.swift in Sources */ = {isa = PBXBuildFile; fileRef = 5C338A83284E6BFF00264C76 /* TibberProjectTests.swift */; };
		5C338A8E284E6BFF00264C76 /* TibberProjectUITests.swift in Sources */ = {isa = PBXBuildFile; fileRef = 5C338A8D284E6BFF00264C76 /* TibberProjectUITests.swift */; };
		5C338A90284E6BFF00264C76 /* TibberProjectUITestsLaunchTests.swift in Sources */ = {isa = PBXBuildFile; fileRef = 5C338A8F284E6BFF00264C76 /* TibberProjectUITestsLaunchTests.swift */; };
		5C338AA0284E6D0300264C76 /* TibberModel.swift in Sources */ = {isa = PBXBuildFile; fileRef = 5C338A9F284E6D0300264C76 /* TibberModel.swift */; };
		5C338AA2284E6D3E00264C76 /* Query.swift in Sources */ = {isa = PBXBuildFile; fileRef = 5C338AA1284E6D3E00264C76 /* Query.swift */; };
		5C338AA4284E6D7F00264C76 /* TibberVM.swift in Sources */ = {isa = PBXBuildFile; fileRef = 5C338AA3284E6D7F00264C76 /* TibberVM.swift */; };
		5C338AA6284E6DD000264C76 /* DetailView.swift in Sources */ = {isa = PBXBuildFile; fileRef = 5C338AA5284E6DD000264C76 /* DetailView.swift */; };
		5C338AA8284E6E2B00264C76 /* ItemUI.swift in Sources */ = {isa = PBXBuildFile; fileRef = 5C338AA7284E6E2B00264C76 /* ItemUI.swift */; };
		5C338AAA284E6E5F00264C76 /* CustomNavigationMenu.swift in Sources */ = {isa = PBXBuildFile; fileRef = 5C338AA9284E6E5F00264C76 /* CustomNavigationMenu.swift */; };
		5C338AAC284E6EB600264C76 /* Extenstions.swift in Sources */ = {isa = PBXBuildFile; fileRef = 5C338AAB284E6EB600264C76 /* Extenstions.swift */; };
/* End PBXBuildFile section */

/* Begin PBXContainerItemProxy section */
		5C338A80284E6BFF00264C76 /* PBXContainerItemProxy */ = {
			isa = PBXContainerItemProxy;
			containerPortal = 5C338A67284E6BF900264C76 /* Project object */;
			proxyType = 1;
			remoteGlobalIDString = 5C338A6E284E6BF900264C76;
			remoteInfo = TibberProject;
		};
		5C338A8A284E6BFF00264C76 /* PBXContainerItemProxy */ = {
			isa = PBXContainerItemProxy;
			containerPortal = 5C338A67284E6BF900264C76 /* Project object */;
			proxyType = 1;
			remoteGlobalIDString = 5C338A6E284E6BF900264C76;
			remoteInfo = TibberProject;
		};
/* End PBXContainerItemProxy section */

/* Begin PBXFileReference section */
		5C338A6F284E6BF900264C76 /* TibberProject.app */ = {isa = PBXFileReference; explicitFileType = wrapper.application; includeInIndex = 0; path = TibberProject.app; sourceTree = BUILT_PRODUCTS_DIR; };
		5C338A72284E6BF900264C76 /* TibberProjectApp.swift */ = {isa = PBXFileReference; lastKnownFileType = sourcecode.swift; path = TibberProjectApp.swift; sourceTree = "<group>"; };
		5C338A74284E6BF900264C76 /* ContentView.swift */ = {isa = PBXFileReference; lastKnownFileType = sourcecode.swift; path = ContentView.swift; sourceTree = "<group>"; };
		5C338A76284E6BFE00264C76 /* Assets.xcassets */ = {isa = PBXFileReference; lastKnownFileType = folder.assetcatalog; path = Assets.xcassets; sourceTree = "<group>"; };
		5C338A79284E6BFE00264C76 /* Preview Assets.xcassets */ = {isa = PBXFileReference; lastKnownFileType = folder.assetcatalog; path = "Preview Assets.xcassets"; sourceTree = "<group>"; };
		5C338A7F284E6BFF00264C76 /* TibberProjectTests.xctest */ = {isa = PBXFileReference; explicitFileType = wrapper.cfbundle; includeInIndex = 0; path = TibberProjectTests.xctest; sourceTree = BUILT_PRODUCTS_DIR; };
		5C338A83284E6BFF00264C76 /* TibberProjectTests.swift */ = {isa = PBXFileReference; lastKnownFileType = sourcecode.swift; path = TibberProjectTests.swift; sourceTree = "<group>"; };
		5C338A89284E6BFF00264C76 /* TibberProjectUITests.xctest */ = {isa = PBXFileReference; explicitFileType = wrapper.cfbundle; includeInIndex = 0; path = TibberProjectUITests.xctest; sourceTree = BUILT_PRODUCTS_DIR; };
		5C338A8D284E6BFF00264C76 /* TibberProjectUITests.swift */ = {isa = PBXFileReference; lastKnownFileType = sourcecode.swift; path = TibberProjectUITests.swift; sourceTree = "<group>"; };
		5C338A8F284E6BFF00264C76 /* TibberProjectUITestsLaunchTests.swift */ = {isa = PBXFileReference; lastKnownFileType = sourcecode.swift; path = TibberProjectUITestsLaunchTests.swift; sourceTree = "<group>"; };
		5C338A9F284E6D0300264C76 /* TibberModel.swift */ = {isa = PBXFileReference; lastKnownFileType = sourcecode.swift; path = TibberModel.swift; sourceTree = "<group>"; };
		5C338AA1284E6D3E00264C76 /* Query.swift */ = {isa = PBXFileReference; lastKnownFileType = sourcecode.swift; path = Query.swift; sourceTree = "<group>"; };
		5C338AA3284E6D7F00264C76 /* TibberVM.swift */ = {isa = PBXFileReference; lastKnownFileType = sourcecode.swift; path = TibberVM.swift; sourceTree = "<group>"; };
		5C338AA5284E6DD000264C76 /* DetailView.swift */ = {isa = PBXFileReference; lastKnownFileType = sourcecode.swift; path = DetailView.swift; sourceTree = "<group>"; };
		5C338AA7284E6E2B00264C76 /* ItemUI.swift */ = {isa = PBXFileReference; lastKnownFileType = sourcecode.swift; path = ItemUI.swift; sourceTree = "<group>"; };
		5C338AA9284E6E5F00264C76 /* CustomNavigationMenu.swift */ = {isa = PBXFileReference; lastKnownFileType = sourcecode.swift; path = CustomNavigationMenu.swift; sourceTree = "<group>"; };
		5C338AAB284E6EB600264C76 /* Extenstions.swift */ = {isa = PBXFileReference; lastKnownFileType = sourcecode.swift; path = Extenstions.swift; sourceTree = "<group>"; };
/* End PBXFileReference section */

/* Begin PBXFrameworksBuildPhase section */
		5C338A6C284E6BF900264C76 /* Frameworks */ = {
			isa = PBXFrameworksBuildPhase;
			buildActionMask = 2147483647;
			files = (
			);
			runOnlyForDeploymentPostprocessing = 0;
		};
		5C338A7C284E6BFF00264C76 /* Frameworks */ = {
			isa = PBXFrameworksBuildPhase;
			buildActionMask = 2147483647;
			files = (
			);
			runOnlyForDeploymentPostprocessing = 0;
		};
		5C338A86284E6BFF00264C76 /* Frameworks */ = {
			isa = PBXFrameworksBuildPhase;
			buildActionMask = 2147483647;
			files = (
			);
			runOnlyForDeploymentPostprocessing = 0;
		};
/* End PBXFrameworksBuildPhase section */

/* Begin PBXGroup section */
		5C338A66284E6BF900264C76 = {
			isa = PBXGroup;
			children = (
				5C338A71284E6BF900264C76 /* TibberProject */,
				5C338A82284E6BFF00264C76 /* TibberProjectTests */,
				5C338A8C284E6BFF00264C76 /* TibberProjectUITests */,
				5C338A70284E6BF900264C76 /* Products */,
			);
			sourceTree = "<group>";
		};
		5C338A70284E6BF900264C76 /* Products */ = {
			isa = PBXGroup;
			children = (
				5C338A6F284E6BF900264C76 /* TibberProject.app */,
				5C338A7F284E6BFF00264C76 /* TibberProjectTests.xctest */,
				5C338A89284E6BFF00264C76 /* TibberProjectUITests.xctest */,
			);
			name = Products;
			sourceTree = "<group>";
		};
		5C338A71284E6BF900264C76 /* TibberProject */ = {
			isa = PBXGroup;
			children = (
				5C338AAD284E6EC000264C76 /* Extenstions */,
				5C338A9E284E6CBE00264C76 /* Model */,
				5C338A9D284E6CAB00264C76 /* View */,
				5C338A9C284E6C8E00264C76 /* VM */,
				5C338A72284E6BF900264C76 /* TibberProjectApp.swift */,
				5C338A76284E6BFE00264C76 /* Assets.xcassets */,
				5C338A78284E6BFE00264C76 /* Preview Content */,
			);
			path = TibberProject;
			sourceTree = "<group>";
		};
		5C338A78284E6BFE00264C76 /* Preview Content */ = {
			isa = PBXGroup;
			children = (
				5C338A79284E6BFE00264C76 /* Preview Assets.xcassets */,
			);
			path = "Preview Content";
			sourceTree = "<group>";
		};
		5C338A82284E6BFF00264C76 /* TibberProjectTests */ = {
			isa = PBXGroup;
			children = (
				5C338A83284E6BFF00264C76 /* TibberProjectTests.swift */,
			);
			path = TibberProjectTests;
			sourceTree = "<group>";
		};
		5C338A8C284E6BFF00264C76 /* TibberProjectUITests */ = {
			isa = PBXGroup;
			children = (
				5C338A8D284E6BFF00264C76 /* TibberProjectUITests.swift */,
				5C338A8F284E6BFF00264C76 /* TibberProjectUITestsLaunchTests.swift */,
			);
			path = TibberProjectUITests;
			sourceTree = "<group>";
		};
		5C338A9C284E6C8E00264C76 /* VM */ = {
			isa = PBXGroup;
			children = (
				5C338AA3284E6D7F00264C76 /* TibberVM.swift */,
			);
			path = VM;
			sourceTree = "<group>";
		};
		5C338A9D284E6CAB00264C76 /* View */ = {
			isa = PBXGroup;
			children = (
				5C338A74284E6BF900264C76 /* ContentView.swift */,
				5C338AA5284E6DD000264C76 /* DetailView.swift */,
				5C338AA7284E6E2B00264C76 /* ItemUI.swift */,
				5C338AA9284E6E5F00264C76 /* CustomNavigationMenu.swift */,
			);
			path = View;
			sourceTree = "<group>";
		};
		5C338A9E284E6CBE00264C76 /* Model */ = {
			isa = PBXGroup;
			children = (
				5C338A9F284E6D0300264C76 /* TibberModel.swift */,
				5C338AA1284E6D3E00264C76 /* Query.swift */,
			);
			path = Model;
			sourceTree = "<group>";
		};
		5C338AAD284E6EC000264C76 /* Extenstions */ = {
			isa = PBXGroup;
			children = (
				5C338AAB284E6EB600264C76 /* Extenstions.swift */,
			);
			path = Extenstions;
			sourceTree = "<group>";
		};
/* End PBXGroup section */

/* Begin PBXNativeTarget section */
		5C338A6E284E6BF900264C76 /* TibberProject */ = {
			isa = PBXNativeTarget;
			buildConfigurationList = 5C338A93284E6BFF00264C76 /* Build configuration list for PBXNativeTarget "TibberProject" */;
			buildPhases = (
				5C338A6B284E6BF900264C76 /* Sources */,
				5C338A6C284E6BF900264C76 /* Frameworks */,
				5C338A6D284E6BF900264C76 /* Resources */,
			);
			buildRules = (
			);
			dependencies = (
			);
			name = TibberProject;
			productName = TibberProject;
			productReference = 5C338A6F284E6BF900264C76 /* TibberProject.app */;
			productType = "com.apple.product-type.application";
		};
		5C338A7E284E6BFF00264C76 /* TibberProjectTests */ = {
			isa = PBXNativeTarget;
			buildConfigurationList = 5C338A96284E6BFF00264C76 /* Build configuration list for PBXNativeTarget "TibberProjectTests" */;
			buildPhases = (
				5C338A7B284E6BFF00264C76 /* Sources */,
				5C338A7C284E6BFF00264C76 /* Frameworks */,
				5C338A7D284E6BFF00264C76 /* Resources */,
			);
			buildRules = (
			);
			dependencies = (
				5C338A81284E6BFF00264C76 /* PBXTargetDependency */,
			);
			name = TibberProjectTests;
			productName = TibberProjectTests;
			productReference = 5C338A7F284E6BFF00264C76 /* TibberProjectTests.xctest */;
			productType = "com.apple.product-type.bundle.unit-test";
		};
		5C338A88284E6BFF00264C76 /* TibberProjectUITests */ = {
			isa = PBXNativeTarget;
			buildConfigurationList = 5C338A99284E6BFF00264C76 /* Build configuration list for PBXNativeTarget "TibberProjectUITests" */;
			buildPhases = (
				5C338A85284E6BFF00264C76 /* Sources */,
				5C338A86284E6BFF00264C76 /* Frameworks */,
				5C338A87284E6BFF00264C76 /* Resources */,
			);
			buildRules = (
			);
			dependencies = (
				5C338A8B284E6BFF00264C76 /* PBXTargetDependency */,
			);
			name = TibberProjectUITests;
			productName = TibberProjectUITests;
			productReference = 5C338A89284E6BFF00264C76 /* TibberProjectUITests.xctest */;
			productType = "com.apple.product-type.bundle.ui-testing";
		};
/* End PBXNativeTarget section */

/* Begin PBXProject section */
		5C338A67284E6BF900264C76 /* Project object */ = {
			isa = PBXProject;
			attributes = {
				BuildIndependentTargetsInParallel = 1;
				LastSwiftUpdateCheck = 1310;
				LastUpgradeCheck = 1310;
				TargetAttributes = {
					5C338A6E284E6BF900264C76 = {
						CreatedOnToolsVersion = 13.1;
					};
					5C338A7E284E6BFF00264C76 = {
						CreatedOnToolsVersion = 13.1;
						TestTargetID = 5C338A6E284E6BF900264C76;
					};
					5C338A88284E6BFF00264C76 = {
						CreatedOnToolsVersion = 13.1;
						TestTargetID = 5C338A6E284E6BF900264C76;
					};
				};
			};
			buildConfigurationList = 5C338A6A284E6BF900264C76 /* Build configuration list for PBXProject "TibberProject" */;
			compatibilityVersion = "Xcode 13.0";
			developmentRegion = en;
			hasScannedForEncodings = 0;
			knownRegions = (
				en,
				Base,
			);
			mainGroup = 5C338A66284E6BF900264C76;
			productRefGroup = 5C338A70284E6BF900264C76 /* Products */;
			projectDirPath = "";
			projectRoot = "";
			targets = (
				5C338A6E284E6BF900264C76 /* TibberProject */,
				5C338A7E284E6BFF00264C76 /* TibberProjectTests */,
				5C338A88284E6BFF00264C76 /* TibberProjectUITests */,
			);
		};
/* End PBXProject section */

/* Begin PBXResourcesBuildPhase section */
		5C338A6D284E6BF900264C76 /* Resources */ = {
			isa = PBXResourcesBuildPhase;
			buildActionMask = 2147483647;
			files = (
				5C338A7A284E6BFE00264C76 /* Preview Assets.xcassets in Resources */,
				5C338A77284E6BFE00264C76 /* Assets.xcassets in Resources */,
			);
			runOnlyForDeploymentPostprocessing = 0;
		};
		5C338A7D284E6BFF00264C76 /* Resources */ = {
			isa = PBXResourcesBuildPhase;
			buildActionMask = 2147483647;
			files = (
			);
			runOnlyForDeploymentPostprocessing = 0;
		};
		5C338A87284E6BFF00264C76 /* Resources */ = {
			isa = PBXResourcesBuildPhase;
			buildActionMask = 2147483647;
			files = (
			);
			runOnlyForDeploymentPostprocessing = 0;
		};
/* End PBXResourcesBuildPhase section */

/* Begin PBXSourcesBuildPhase section */
		5C338A6B284E6BF900264C76 /* Sources */ = {
			isa = PBXSourcesBuildPhase;
			buildActionMask = 2147483647;
			files = (
				5C338AA4284E6D7F00264C76 /* TibberVM.swift in Sources */,
				5C338AA6284E6DD000264C76 /* DetailView.swift in Sources */,
				5C338AA2284E6D3E00264C76 /* Query.swift in Sources */,
				5C338AA8284E6E2B00264C76 /* ItemUI.swift in Sources */,
				5C338A75284E6BF900264C76 /* ContentView.swift in Sources */,
				5C338AAA284E6E5F00264C76 /* CustomNavigationMenu.swift in Sources */,
				5C338AA0284E6D0300264C76 /* TibberModel.swift in Sources */,
				5C338AAC284E6EB600264C76 /* Extenstions.swift in Sources */,
				5C338A73284E6BF900264C76 /* TibberProjectApp.swift in Sources */,
			);
			runOnlyForDeploymentPostprocessing = 0;
		};
		5C338A7B284E6BFF00264C76 /* Sources */ = {
			isa = PBXSourcesBuildPhase;
			buildActionMask = 2147483647;
			files = (
				5C338A84284E6BFF00264C76 /* TibberProjectTests.swift in Sources */,
			);
			runOnlyForDeploymentPostprocessing = 0;
		};
		5C338A85284E6BFF00264C76 /* Sources */ = {
			isa = PBXSourcesBuildPhase;
			buildActionMask = 2147483647;
			files = (
				5C338A90284E6BFF00264C76 /* TibberProjectUITestsLaunchTests.swift in Sources */,
				5C338A8E284E6BFF00264C76 /* TibberProjectUITests.swift in Sources */,
			);
			runOnlyForDeploymentPostprocessing = 0;
		};
/* End PBXSourcesBuildPhase section */

/* Begin PBXTargetDependency section */
		5C338A81284E6BFF00264C76 /* PBXTargetDependency */ = {
			isa = PBXTargetDependency;
			target = 5C338A6E284E6BF900264C76 /* TibberProject */;
			targetProxy = 5C338A80284E6BFF00264C76 /* PBXContainerItemProxy */;
		};
		5C338A8B284E6BFF00264C76 /* PBXTargetDependency */ = {
			isa = PBXTargetDependency;
			target = 5C338A6E284E6BF900264C76 /* TibberProject */;
			targetProxy = 5C338A8A284E6BFF00264C76 /* PBXContainerItemProxy */;
		};
/* End PBXTargetDependency section */

/* Begin XCBuildConfiguration section */
		5C338A91284E6BFF00264C76 /* Debug */ = {
			isa = XCBuildConfiguration;
			buildSettings = {
				ALWAYS_SEARCH_USER_PATHS = NO;
				CLANG_ANALYZER_NONNULL = YES;
				CLANG_ANALYZER_NUMBER_OBJECT_CONVERSION = YES_AGGRESSIVE;
				CLANG_CXX_LANGUAGE_STANDARD = "gnu++17";
				CLANG_CXX_LIBRARY = "libc++";
				CLANG_ENABLE_MODULES = YES;
				CLANG_ENABLE_OBJC_ARC = YES;
				CLANG_ENABLE_OBJC_WEAK = YES;
				CLANG_WARN_BLOCK_CAPTURE_AUTORELEASING = YES;
				CLANG_WARN_BOOL_CONVERSION = YES;
				CLANG_WARN_COMMA = YES;
				CLANG_WARN_CONSTANT_CONVERSION = YES;
				CLANG_WARN_DEPRECATED_OBJC_IMPLEMENTATIONS = YES;
				CLANG_WARN_DIRECT_OBJC_ISA_USAGE = YES_ERROR;
				CLANG_WARN_DOCUMENTATION_COMMENTS = YES;
				CLANG_WARN_EMPTY_BODY = YES;
				CLANG_WARN_ENUM_CONVERSION = YES;
				CLANG_WARN_INFINITE_RECURSION = YES;
				CLANG_WARN_INT_CONVERSION = YES;
				CLANG_WARN_NON_LITERAL_NULL_CONVERSION = YES;
				CLANG_WARN_OBJC_IMPLICIT_RETAIN_SELF = YES;
				CLANG_WARN_OBJC_LITERAL_CONVERSION = YES;
				CLANG_WARN_OBJC_ROOT_CLASS = YES_ERROR;
				CLANG_WARN_QUOTED_INCLUDE_IN_FRAMEWORK_HEADER = YES;
				CLANG_WARN_RANGE_LOOP_ANALYSIS = YES;
				CLANG_WARN_STRICT_PROTOTYPES = YES;
				CLANG_WARN_SUSPICIOUS_MOVE = YES;
				CLANG_WARN_UNGUARDED_AVAILABILITY = YES_AGGRESSIVE;
				CLANG_WARN_UNREACHABLE_CODE = YES;
				CLANG_WARN__DUPLICATE_METHOD_MATCH = YES;
				COPY_PHASE_STRIP = NO;
				DEBUG_INFORMATION_FORMAT = dwarf;
				ENABLE_STRICT_OBJC_MSGSEND = YES;
				ENABLE_TESTABILITY = YES;
				GCC_C_LANGUAGE_STANDARD = gnu11;
				GCC_DYNAMIC_NO_PIC = NO;
				GCC_NO_COMMON_BLOCKS = YES;
				GCC_OPTIMIZATION_LEVEL = 0;
				GCC_PREPROCESSOR_DEFINITIONS = (
					"DEBUG=1",
					"$(inherited)",
				);
				GCC_WARN_64_TO_32_BIT_CONVERSION = YES;
				GCC_WARN_ABOUT_RETURN_TYPE = YES_ERROR;
				GCC_WARN_UNDECLARED_SELECTOR = YES;
				GCC_WARN_UNINITIALIZED_AUTOS = YES_AGGRESSIVE;
				GCC_WARN_UNUSED_FUNCTION = YES;
				GCC_WARN_UNUSED_VARIABLE = YES;
				IPHONEOS_DEPLOYMENT_TARGET = 15.0;
				MTL_ENABLE_DEBUG_INFO = INCLUDE_SOURCE;
				MTL_FAST_MATH = YES;
				ONLY_ACTIVE_ARCH = YES;
				SDKROOT = iphoneos;
				SWIFT_ACTIVE_COMPILATION_CONDITIONS = DEBUG;
				SWIFT_OPTIMIZATION_LEVEL = "-Onone";
			};
			name = Debug;
		};
		5C338A92284E6BFF00264C76 /* Release */ = {
			isa = XCBuildConfiguration;
			buildSettings = {
				ALWAYS_SEARCH_USER_PATHS = NO;
				CLANG_ANALYZER_NONNULL = YES;
				CLANG_ANALYZER_NUMBER_OBJECT_CONVERSION = YES_AGGRESSIVE;
				CLANG_CXX_LANGUAGE_STANDARD = "gnu++17";
				CLANG_CXX_LIBRARY = "libc++";
				CLANG_ENABLE_MODULES = YES;
				CLANG_ENABLE_OBJC_ARC = YES;
				CLANG_ENABLE_OBJC_WEAK = YES;
				CLANG_WARN_BLOCK_CAPTURE_AUTORELEASING = YES;
				CLANG_WARN_BOOL_CONVERSION = YES;
				CLANG_WARN_COMMA = YES;
				CLANG_WARN_CONSTANT_CONVERSION = YES;
				CLANG_WARN_DEPRECATED_OBJC_IMPLEMENTATIONS = YES;
				CLANG_WARN_DIRECT_OBJC_ISA_USAGE = YES_ERROR;
				CLANG_WARN_DOCUMENTATION_COMMENTS = YES;
				CLANG_WARN_EMPTY_BODY = YES;
				CLANG_WARN_ENUM_CONVERSION = YES;
				CLANG_WARN_INFINITE_RECURSION = YES;
				CLANG_WARN_INT_CONVERSION = YES;
				CLANG_WARN_NON_LITERAL_NULL_CONVERSION = YES;
				CLANG_WARN_OBJC_IMPLICIT_RETAIN_SELF = YES;
				CLANG_WARN_OBJC_LITERAL_CONVERSION = YES;
				CLANG_WARN_OBJC_ROOT_CLASS = YES_ERROR;
				CLANG_WARN_QUOTED_INCLUDE_IN_FRAMEWORK_HEADER = YES;
				CLANG_WARN_RANGE_LOOP_ANALYSIS = YES;
				CLANG_WARN_STRICT_PROTOTYPES = YES;
				CLANG_WARN_SUSPICIOUS_MOVE = YES;
				CLANG_WARN_UNGUARDED_AVAILABILITY = YES_AGGRESSIVE;
				CLANG_WARN_UNREACHABLE_CODE = YES;
				CLANG_WARN__DUPLICATE_METHOD_MATCH = YES;
				COPY_PHASE_STRIP = NO;
				DEBUG_INFORMATION_FORMAT = "dwarf-with-dsym";
				ENABLE_NS_ASSERTIONS = NO;
				ENABLE_STRICT_OBJC_MSGSEND = YES;
				GCC_C_LANGUAGE_STANDARD = gnu11;
				GCC_NO_COMMON_BLOCKS = YES;
				GCC_WARN_64_TO_32_BIT_CONVERSION = YES;
				GCC_WARN_ABOUT_RETURN_TYPE = YES_ERROR;
				GCC_WARN_UNDECLARED_SELECTOR = YES;
				GCC_WARN_UNINITIALIZED_AUTOS = YES_AGGRESSIVE;
				GCC_WARN_UNUSED_FUNCTION = YES;
				GCC_WARN_UNUSED_VARIABLE = YES;
				IPHONEOS_DEPLOYMENT_TARGET = 15.0;
				MTL_ENABLE_DEBUG_INFO = NO;
				MTL_FAST_MATH = YES;
				SDKROOT = iphoneos;
				SWIFT_COMPILATION_MODE = wholemodule;
				SWIFT_OPTIMIZATION_LEVEL = "-O";
				VALIDATE_PRODUCT = YES;
			};
			name = Release;
		};
		5C338A94284E6BFF00264C76 /* Debug */ = {
			isa = XCBuildConfiguration;
			buildSettings = {
				ASSETCATALOG_COMPILER_APPICON_NAME = AppIcon;
				ASSETCATALOG_COMPILER_GLOBAL_ACCENT_COLOR_NAME = AccentColor;
				CODE_SIGN_STYLE = Automatic;
				CURRENT_PROJECT_VERSION = 1;
				DEVELOPMENT_ASSET_PATHS = "\"TibberProject/Preview Content\"";
				DEVELOPMENT_TEAM = 553MPC6J36;
				ENABLE_PREVIEWS = YES;
				GENERATE_INFOPLIST_FILE = YES;
				INFOPLIST_KEY_UIApplicationSceneManifest_Generation = YES;
				INFOPLIST_KEY_UIApplicationSupportsIndirectInputEvents = YES;
				INFOPLIST_KEY_UILaunchScreen_Generation = YES;
				INFOPLIST_KEY_UISupportedInterfaceOrientations_iPad = "UIInterfaceOrientationPortrait UIInterfaceOrientationPortraitUpsideDown UIInterfaceOrientationLandscapeLeft UIInterfaceOrientationLandscapeRight";
				INFOPLIST_KEY_UISupportedInterfaceOrientations_iPhone = "UIInterfaceOrientationPortrait UIInterfaceOrientationLandscapeLeft UIInterfaceOrientationLandscapeRight";
				LD_RUNPATH_SEARCH_PATHS = (
					"$(inherited)",
					"@executable_path/Frameworks",
				);
				MARKETING_VERSION = 1.0;
				PRODUCT_BUNDLE_IDENTIFIER = com.example.TibberProject;
				PRODUCT_NAME = "$(TARGET_NAME)";
				SWIFT_EMIT_LOC_STRINGS = YES;
				SWIFT_VERSION = 5.0;
				TARGETED_DEVICE_FAMILY = "1,2";
			};
			name = Debug;
		};
		5C338A95284E6BFF00264C76 /* Release */ = {
			isa = XCBuildConfiguration;
			buildSettings = {
				ASSETCATALOG_COMPILER_APPICON_NAME = AppIcon;
				ASSETCATALOG_COMPILER_GLOBAL_ACCENT_COLOR_NAME = AccentColor;
				CODE_SIGN_STYLE = Automatic;
				CURRENT_PROJECT_VERSION = 1;
				DEVELOPMENT_ASSET_PATHS = "\"TibberProject/Preview Content\"";
				DEVELOPMENT_TEAM = 553MPC6J36;
				ENABLE_PREVIEWS = YES;
				GENERATE_INFOPLIST_FILE = YES;
				INFOPLIST_KEY_UIApplicationSceneManifest_Generation = YES;
				INFOPLIST_KEY_UIApplicationSupportsIndirectInputEvents = YES;
				INFOPLIST_KEY_UILaunchScreen_Generation = YES;
				INFOPLIST_KEY_UISupportedInterfaceOrientations_iPad = "UIInterfaceOrientationPortrait UIInterfaceOrientationPortraitUpsideDown UIInterfaceOrientationLandscapeLeft UIInterfaceOrientationLandscapeRight";
				INFOPLIST_KEY_UISupportedInterfaceOrientations_iPhone = "UIInterfaceOrientationPortrait UIInterfaceOrientationLandscapeLeft UIInterfaceOrientationLandscapeRight";
				LD_RUNPATH_SEARCH_PATHS = (
					"$(inherited)",
					"@executable_path/Frameworks",
				);
				MARKETING_VERSION = 1.0;
				PRODUCT_BUNDLE_IDENTIFIER = com.example.TibberProject;
				PRODUCT_NAME = "$(TARGET_NAME)";
				SWIFT_EMIT_LOC_STRINGS = YES;
				SWIFT_VERSION = 5.0;
				TARGETED_DEVICE_FAMILY = "1,2";
			};
			name = Release;
		};
		5C338A97284E6BFF00264C76 /* Debug */ = {
			isa = XCBuildConfiguration;
			buildSettings = {
				ALWAYS_EMBED_SWIFT_STANDARD_LIBRARIES = YES;
				BUNDLE_LOADER = "$(TEST_HOST)";
				CODE_SIGN_STYLE = Automatic;
				CURRENT_PROJECT_VERSION = 1;
				DEVELOPMENT_TEAM = 553MPC6J36;
				GENERATE_INFOPLIST_FILE = YES;
				IPHONEOS_DEPLOYMENT_TARGET = 15.0;
				LD_RUNPATH_SEARCH_PATHS = (
					"$(inherited)",
					"@executable_path/Frameworks",
					"@loader_path/Frameworks",
				);
				MARKETING_VERSION = 1.0;
				PRODUCT_BUNDLE_IDENTIFIER = com.example.TibberProjectTests;
				PRODUCT_NAME = "$(TARGET_NAME)";
				SWIFT_EMIT_LOC_STRINGS = NO;
				SWIFT_VERSION = 5.0;
				TARGETED_DEVICE_FAMILY = "1,2";
				TEST_HOST = "$(BUILT_PRODUCTS_DIR)/TibberProject.app/TibberProject";
			};
			name = Debug;
		};
		5C338A98284E6BFF00264C76 /* Release */ = {
			isa = XCBuildConfiguration;
			buildSettings = {
				ALWAYS_EMBED_SWIFT_STANDARD_LIBRARIES = YES;
				BUNDLE_LOADER = "$(TEST_HOST)";
				CODE_SIGN_STYLE = Automatic;
				CURRENT_PROJECT_VERSION = 1;
				DEVELOPMENT_TEAM = 553MPC6J36;
				GENERATE_INFOPLIST_FILE = YES;
				IPHONEOS_DEPLOYMENT_TARGET = 15.0;
				LD_RUNPATH_SEARCH_PATHS = (
					"$(inherited)",
					"@executable_path/Frameworks",
					"@loader_path/Frameworks",
				);
				MARKETING_VERSION = 1.0;
				PRODUCT_BUNDLE_IDENTIFIER = com.example.TibberProjectTests;
				PRODUCT_NAME = "$(TARGET_NAME)";
				SWIFT_EMIT_LOC_STRINGS = NO;
				SWIFT_VERSION = 5.0;
				TARGETED_DEVICE_FAMILY = "1,2";
				TEST_HOST = "$(BUILT_PRODUCTS_DIR)/TibberProject.app/TibberProject";
			};
			name = Release;
		};
		5C338A9A284E6BFF00264C76 /* Debug */ = {
			isa = XCBuildConfiguration;
			buildSettings = {
				ALWAYS_EMBED_SWIFT_STANDARD_LIBRARIES = YES;
				CODE_SIGN_STYLE = Automatic;
				CURRENT_PROJECT_VERSION = 1;
				DEVELOPMENT_TEAM = 553MPC6J36;
				GENERATE_INFOPLIST_FILE = YES;
				LD_RUNPATH_SEARCH_PATHS = (
					"$(inherited)",
					"@executable_path/Frameworks",
					"@loader_path/Frameworks",
				);
				MARKETING_VERSION = 1.0;
				PRODUCT_BUNDLE_IDENTIFIER = com.example.TibberProjectUITests;
				PRODUCT_NAME = "$(TARGET_NAME)";
				SWIFT_EMIT_LOC_STRINGS = NO;
				SWIFT_VERSION = 5.0;
				TARGETED_DEVICE_FAMILY = "1,2";
				TEST_TARGET_NAME = TibberProject;
			};
			name = Debug;
		};
		5C338A9B284E6BFF00264C76 /* Release */ = {
			isa = XCBuildConfiguration;
			buildSettings = {
				ALWAYS_EMBED_SWIFT_STANDARD_LIBRARIES = YES;
				CODE_SIGN_STYLE = Automatic;
				CURRENT_PROJECT_VERSION = 1;
				DEVELOPMENT_TEAM = 553MPC6J36;
				GENERATE_INFOPLIST_FILE = YES;
				LD_RUNPATH_SEARCH_PATHS = (
					"$(inherited)",
					"@executable_path/Frameworks",
					"@loader_path/Frameworks",
				);
				MARKETING_VERSION = 1.0;
				PRODUCT_BUNDLE_IDENTIFIER = com.example.TibberProjectUITests;
				PRODUCT_NAME = "$(TARGET_NAME)";
				SWIFT_EMIT_LOC_STRINGS = NO;
				SWIFT_VERSION = 5.0;
				TARGETED_DEVICE_FAMILY = "1,2";
				TEST_TARGET_NAME = TibberProject;
			};
			name = Release;
		};
/* End XCBuildConfiguration section */

/* Begin XCConfigurationList section */
		5C338A6A284E6BF900264C76 /* Build configuration list for PBXProject "TibberProject" */ = {
			isa = XCConfigurationList;
			buildConfigurations = (
				5C338A91284E6BFF00264C76 /* Debug */,
				5C338A92284E6BFF00264C76 /* Release */,
			);
			defaultConfigurationIsVisible = 0;
			defaultConfigurationName = Release;
		};
		5C338A93284E6BFF00264C76 /* Build configuration list for PBXNativeTarget "TibberProject" */ = {
			isa = XCConfigurationList;
			buildConfigurations = (
				5C338A94284E6BFF00264C76 /* Debug */,
				5C338A95284E6BFF00264C76 /* Release */,
			);
			defaultConfigurationIsVisible = 0;
			defaultConfigurationName = Release;
		};
		5C338A96284E6BFF00264C76 /* Build configuration list for PBXNativeTarget "TibberProjectTests" */ = {
			isa = XCConfigurationList;
			buildConfigurations = (
				5C338A97284E6BFF00264C76 /* Debug */,
				5C338A98284E6BFF00264C76 /* Release */,
			);
			defaultConfigurationIsVisible = 0;
			defaultConfigurationName = Release;
		};
		5C338A99284E6BFF00264C76 /* Build configuration list for PBXNativeTarget "TibberProjectUITests" */ = {
			isa = XCConfigurationList;
			buildConfigurations = (
				5C338A9A284E6BFF00264C76 /* Debug */,
				5C338A9B284E6BFF00264C76 /* Release */,
			);
			defaultConfigurationIsVisible = 0;
			defaultConfigurationName = Release;
		};
/* End XCConfigurationList section */
	};
	rootObject = 5C338A67284E6BF900264C76 /* Project object */;
}
